Microsoft Visual Studio Solution File, Format Version 12.00
# Visual Studio Version 17
VisualStudioVersion = 17.5.2.0
MinimumVisualStudioVersion = 10.0.40219.1
Project("{FAE04EC0-301F-11D3-BF4B-00C04F79EFBC}") = "SpendSmart_NET8_Minimalist", "SpendSmart_NET8_Minimalist.csproj", "{C32FC6C3-46B4-665A-BBF8-5ACF4FF30034}"
EndProject
Global
	GlobalSection(SolutionConfigurationPlatforms) = preSolution
		Debug|Any CPU = Debug|Any CPU
		Release|Any CPU = Release|Any CPU
	EndGlobalSection
	GlobalSection(ProjectConfigurationPlatforms) = postSolution
		{C32FC6C3-46B4-665A-BBF8-5ACF4FF30034}.Debug|Any CPU.ActiveCfg = Debug|Any CPU
		{C32FC6C3-46B4-665A-BBF8-5ACF4FF30034}.Debug|Any CPU.Build.0 = Debug|Any CPU
		{C32FC6C3-46B4-665A-BBF8-5ACF4FF30034}.Release|Any CPU.ActiveCfg = Release|Any CPU
		{C32FC6C3-46B4-665A-BBF8-5ACF4FF30034}.Release|Any CPU.Build.0 = Release|Any CPU
	EndGlobalSection
	GlobalSection(SolutionProperties) = preSolution
		HideSolutionNode = FALSE
	EndGlobalSection
	GlobalSection(ExtensibilityGlobals) = postSolution
		SolutionGuid = {C76181FA-F7F4-4239-A92A-009C27D4C2ED}
	EndGlobalSection
EndGlobal
